{
  "name": "quizapp",
  "lockfileVersion": 2,
  "requires": true,
  "packages": {
    "": {
      "dependencies": {
        "maven-compiler-plugin": "^0.0.1-security"
      }
    },
    "node_modules/maven-compiler-plugin": {
      "version": "0.0.1-security",
      "resolved": "https://registry.npmjs.org/maven-compiler-plugin/-/maven-compiler-plugin-0.0.1-security.tgz",
      "integrity": "sha512-3WcGKumWYPCr0rnJQaaz2dGX1xNX3GpRioCN6DJUBp19jAOejAj7tRBcl42G83fNHCqkltyA9Fc1iHZSMjhfpw=="
    }
  },
  "dependencies": {
    "maven-compiler-plugin": {
      "version": "0.0.1-security",
      "resolved": "https://registry.npmjs.org/maven-compiler-plugin/-/maven-compiler-plugin-0.0.1-security.tgz",
      "integrity": "sha512-3WcGKumWYPCr0rnJQaaz2dGX1xNX3GpRioCN6DJUBp19jAOejAj7tRBcl42G83fNHCqkltyA9Fc1iHZSMjhfpw=="
    }
  }
}
